
Microsoft Visual Studio Solution File, Format Version 12.00
# Visual Studio Version 16
VisualStudioVersion = 16.0.29728.190
MinimumVisualStudioVersion = 10.0.40219.1
Project("{FAE04EC0-301F-11D3-BF4B-00C04F79EFBC}") = "17-34279-1", "17-34279-1\17-34279-1.csproj", "{EBF06DCC-6305-47DC-80D1-F849AE4D3C90}"
EndProject
Global
	GlobalSection(SolutionConfigurationPlatforms) = preSolution
		Debug|Any CPU = Debug|Any CPU
		Release|Any CPU = Release|Any CPU
	EndGlobalSection
	GlobalSection(ProjectConfigurationPlatforms) = postSolution
		{EBF06DCC-6305-47DC-80D1-F849AE4D3C90}.Debug|Any CPU.ActiveCfg = Debug|Any CPU
		{EBF06DCC-6305-47DC-80D1-F849AE4D3C90}.Debug|Any CPU.Build.0 = Debug|Any CPU
		{EBF06DCC-6305-47DC-80D1-F849AE4D3C90}.Release|Any CPU.ActiveCfg = Release|Any CPU
		{EBF06DCC-6305-47DC-80D1-F849AE4D3C90}.Release|Any CPU.Build.0 = Release|Any CPU
	EndGlobalSection
	GlobalSection(SolutionProperties) = preSolution
		HideSolutionNode = FALSE
	EndGlobalSection
	GlobalSection(ExtensibilityGlobals) = postSolution
		SolutionGuid = {B173EF75-B31A-46D5-B91F-8C20E862D035}
	EndGlobalSection
EndGlobal
